
Microsoft Visual Studio Solution File, Format Version 12.00
# Visual Studio Version 17
VisualStudioVersion = 17.10.35027.167
MinimumVisualStudioVersion = 10.0.40219.1
Project("{9A19103F-16F7-4668-BE54-9A1E7A4F7556}") = "YA.BlazorWasmStarter", "YA.BlazorWasmStarter\YA.BlazorWasmStarter.csproj", "{F49C2EE0-C2B5-46B1-AE84-4B9C7DC7B791}"
EndProject
Project("{9A19103F-16F7-4668-BE54-9A1E7A4F7556}") = "YA.BlazorOpenAIStarter", "YA.BlazorOpenAIStarter\YA.BlazorOpenAIStarter.csproj", "{08F0BDC0-D070-4C23-B15C-0E3EA35FCF5F}"
EndProject
Project("{2150E333-8FDC-42A3-9474-1A3956D46DE8}") = "VideoTransscriberApp", "VideoTransscriberApp", "{8C4C3C29-EA2A-4D82-84D7-611512C2E847}"
EndProject
Project("{9A19103F-16F7-4668-BE54-9A1E7A4F7556}") = "VideoApp", "VideoTransscriberApp\VideoApp\VideoApp.csproj", "{054D1734-2B12-4BC1-9B42-977388D7F894}"
EndProject
Project("{9A19103F-16F7-4668-BE54-9A1E7A4F7556}") = "YA.VideoTranscriberApp.BlazorUI", "VideoTransscriberApp\YA.VideoTranscriberApp.BlazorUI\YA.VideoTranscriberApp.BlazorUI\YA.VideoTranscriberApp.BlazorUI.csproj", "{3612E894-C72C-4AE3-868B-3F3DAC5300BC}"
EndProject
Project("{9A19103F-16F7-4668-BE54-9A1E7A4F7556}") = "YA.VideoTranscriberApp.BlazorUI.Client", "VideoTransscriberApp\YA.VideoTranscriberApp.BlazorUI\YA.VideoTranscriberApp.BlazorUI.Client\YA.VideoTranscriberApp.BlazorUI.Client.csproj", "{97C8DCAE-7827-427A-B322-6914BDA10D91}"
EndProject
Project("{9A19103F-16F7-4668-BE54-9A1E7A4F7556}") = "YA.BlazorGiftSuggestionApp", "YA.BlazorGiftSuggestionApp\YA.BlazorGiftSuggestionApp.csproj", "{BEA0FEB1-AEF9-4DFC-A29B-CFAAC8939F48}"
EndProject
Project("{2150E333-8FDC-42A3-9474-1A3956D46DE8}") = "PasswordStorageApp", "PasswordStorageApp", "{CA81C962-C2B5-4D1A-BCF5-F5F7F6BCAFCA}"
EndProject
Project("{9A19103F-16F7-4668-BE54-9A1E7A4F7556}") = "PasswordStorageApp.BlazorClient", "PasswordStorageApp\PasswordStorageApp.BlazorClient\PasswordStorageApp.BlazorClient.csproj", "{00958184-26A8-4F13-966D-8E668DCCCCB7}"
EndProject
Project("{9A19103F-16F7-4668-BE54-9A1E7A4F7556}") = "PasswordStorageApp.Domain", "PasswordStorageApp\PasswordStorageApp.Domain\PasswordStorageApp.Domain.csproj", "{ED3072C6-1AEE-4AD0-965E-8716E0C6085C}"
EndProject
Project("{9A19103F-16F7-4668-BE54-9A1E7A4F7556}") = "PasswordStorageApp.WebAPI", "PasswordStorageApp\PasswordStorageApp.WebAPI\PasswordStorageApp.WebAPI.csproj", "{624A2B4F-B483-450E-8E92-EE27A160A62E}"
EndProject
Project("{9A19103F-16F7-4668-BE54-9A1E7A4F7556}") = "BlazorMAUI.GiftSuggestion", "BlazorMAUI.GiftSuggestion\BlazorMAUI.GiftSuggestion.csproj", "{3A262A2D-4847-42D8-8F90-BC9E14955266}"
EndProject
Project("{9A19103F-16F7-4668-BE54-9A1E7A4F7556}") = "PasswordStorageApp.MauiClient", "PasswordStorageApp\PasswordStorageApp.MauiClient\PasswordStorageApp.MauiClient.csproj", "{A2E95C4D-CFE9-4DB8-9370-987E9E8B0A5B}"
EndProject
Project("{2150E333-8FDC-42A3-9474-1A3956D46DE8}") = "ChatGPTClone", "ChatGPTClone", "{92653EE1-EA2B-46DF-BF83-D572FB2D6FFB}"
EndProject
Project("{9A19103F-16F7-4668-BE54-9A1E7A4F7556}") = "ChatGPTClone.Application", "ChatGPTClone\ChatGPTClone.Application\ChatGPTClone.Application.csproj", "{02203EDD-8A52-41D4-BB44-823CCFF0795F}"
EndProject
Project("{9A19103F-16F7-4668-BE54-9A1E7A4F7556}") = "ChatGPTClone.Domain", "ChatGPTClone\ChatGPTClone.Domain\ChatGPTClone.Domain.csproj", "{E3A1D2A7-E1E7-4D41-A3D3-E8BCF6002D08}"
EndProject
Project("{9A19103F-16F7-4668-BE54-9A1E7A4F7556}") = "ChatGPTClone.Infrastructure", "ChatGPTClone\ChatGPTClone.Infrastructure\ChatGPTClone.Infrastructure.csproj", "{21DFF86C-4F1C-4371-A495-483B0517C0DB}"
EndProject
Project("{9A19103F-16F7-4668-BE54-9A1E7A4F7556}") = "ChatGPTClone.WasmClient", "ChatGPTClone\ChatGPTClone.WasmClient\ChatGPTClone.WasmClient.csproj", "{B87F07E3-0DAA-4DD3-99EC-22D8AE4FE26B}"
EndProject
Project("{9A19103F-16F7-4668-BE54-9A1E7A4F7556}") = "ChatGPTClone.WebApi", "ChatGPTClone\ChatGPTClone.WebApi\ChatGPTClone.WebApi.csproj", "{F9B5CD9D-AF0E-4100-92F3-CB2E44BED905}"
EndProject
Global
	GlobalSection(SolutionConfigurationPlatforms) = preSolution
		Debug|Any CPU = Debug|Any CPU
		Release|Any CPU = Release|Any CPU
	EndGlobalSection
	GlobalSection(ProjectConfigurationPlatforms) = postSolution
		{F49C2EE0-C2B5-46B1-AE84-4B9C7DC7B791}.Debug|Any CPU.ActiveCfg = Debug|Any CPU
		{F49C2EE0-C2B5-46B1-AE84-4B9C7DC7B791}.Debug|Any CPU.Build.0 = Debug|Any CPU
		{F49C2EE0-C2B5-46B1-AE84-4B9C7DC7B791}.Release|Any CPU.ActiveCfg = Release|Any CPU
		{F49C2EE0-C2B5-46B1-AE84-4B9C7DC7B791}.Release|Any CPU.Build.0 = Release|Any CPU
		{08F0BDC0-D070-4C23-B15C-0E3EA35FCF5F}.Debug|Any CPU.ActiveCfg = Debug|Any CPU
		{08F0BDC0-D070-4C23-B15C-0E3EA35FCF5F}.Debug|Any CPU.Build.0 = Debug|Any CPU
		{08F0BDC0-D070-4C23-B15C-0E3EA35FCF5F}.Release|Any CPU.ActiveCfg = Release|Any CPU
		{08F0BDC0-D070-4C23-B15C-0E3EA35FCF5F}.Release|Any CPU.Build.0 = Release|Any CPU
		{054D1734-2B12-4BC1-9B42-977388D7F894}.Debug|Any CPU.ActiveCfg = Debug|Any CPU
		{054D1734-2B12-4BC1-9B42-977388D7F894}.Debug|Any CPU.Build.0 = Debug|Any CPU
		{054D1734-2B12-4BC1-9B42-977388D7F894}.Release|Any CPU.ActiveCfg = Release|Any CPU
		{054D1734-2B12-4BC1-9B42-977388D7F894}.Release|Any CPU.Build.0 = Release|Any CPU
		{3612E894-C72C-4AE3-868B-3F3DAC5300BC}.Debug|Any CPU.ActiveCfg = Debug|Any CPU
		{3612E894-C72C-4AE3-868B-3F3DAC5300BC}.Debug|Any CPU.Build.0 = Debug|Any CPU
		{3612E894-C72C-4AE3-868B-3F3DAC5300BC}.Release|Any CPU.ActiveCfg = Release|Any CPU
		{3612E894-C72C-4AE3-868B-3F3DAC5300BC}.Release|Any CPU.Build.0 = Release|Any CPU
		{97C8DCAE-7827-427A-B322-6914BDA10D91}.Debug|Any CPU.ActiveCfg = Debug|Any CPU
		{97C8DCAE-7827-427A-B322-6914BDA10D91}.Debug|Any CPU.Build.0 = Debug|Any CPU
		{97C8DCAE-7827-427A-B322-6914BDA10D91}.Release|Any CPU.ActiveCfg = Release|Any CPU
		{97C8DCAE-7827-427A-B322-6914BDA10D91}.Release|Any CPU.Build.0 = Release|Any CPU
		{BEA0FEB1-AEF9-4DFC-A29B-CFAAC8939F48}.Debug|Any CPU.ActiveCfg = Debug|Any CPU
		{BEA0FEB1-AEF9-4DFC-A29B-CFAAC8939F48}.Debug|Any CPU.Build.0 = Debug|Any CPU
		{BEA0FEB1-AEF9-4DFC-A29B-CFAAC8939F48}.Release|Any CPU.ActiveCfg = Release|Any CPU
		{BEA0FEB1-AEF9-4DFC-A29B-CFAAC8939F48}.Release|Any CPU.Build.0 = Release|Any CPU
		{00958184-26A8-4F13-966D-8E668DCCCCB7}.Debug|Any CPU.ActiveCfg = Debug|Any CPU
		{00958184-26A8-4F13-966D-8E668DCCCCB7}.Debug|Any CPU.Build.0 = Debug|Any CPU
		{00958184-26A8-4F13-966D-8E668DCCCCB7}.Release|Any CPU.ActiveCfg = Release|Any CPU
		{00958184-26A8-4F13-966D-8E668DCCCCB7}.Release|Any CPU.Build.0 = Release|Any CPU
		{ED3072C6-1AEE-4AD0-965E-8716E0C6085C}.Debug|Any CPU.ActiveCfg = Debug|Any CPU
		{ED3072C6-1AEE-4AD0-965E-8716E0C6085C}.Debug|Any CPU.Build.0 = Debug|Any CPU
		{ED3072C6-1AEE-4AD0-965E-8716E0C6085C}.Release|Any CPU.ActiveCfg = Release|Any CPU
		{ED3072C6-1AEE-4AD0-965E-8716E0C6085C}.Release|Any CPU.Build.0 = Release|Any CPU
		{624A2B4F-B483-450E-8E92-EE27A160A62E}.Debug|Any CPU.ActiveCfg = Debug|Any CPU
		{624A2B4F-B483-450E-8E92-EE27A160A62E}.Debug|Any CPU.Build.0 = Debug|Any CPU
		{624A2B4F-B483-450E-8E92-EE27A160A62E}.Release|Any CPU.ActiveCfg = Release|Any CPU
		{624A2B4F-B483-450E-8E92-EE27A160A62E}.Release|Any CPU.Build.0 = Release|Any CPU
		{3A262A2D-4847-42D8-8F90-BC9E14955266}.Debug|Any CPU.ActiveCfg = Debug|Any CPU
		{3A262A2D-4847-42D8-8F90-BC9E14955266}.Debug|Any CPU.Build.0 = Debug|Any CPU
		{3A262A2D-4847-42D8-8F90-BC9E14955266}.Debug|Any CPU.Deploy.0 = Debug|Any CPU
		{3A262A2D-4847-42D8-8F90-BC9E14955266}.Release|Any CPU.ActiveCfg = Release|Any CPU
		{3A262A2D-4847-42D8-8F90-BC9E14955266}.Release|Any CPU.Build.0 = Release|Any CPU
		{3A262A2D-4847-42D8-8F90-BC9E14955266}.Release|Any CPU.Deploy.0 = Release|Any CPU
		{A2E95C4D-CFE9-4DB8-9370-987E9E8B0A5B}.Debug|Any CPU.ActiveCfg = Debug|Any CPU
		{A2E95C4D-CFE9-4DB8-9370-987E9E8B0A5B}.Debug|Any CPU.Build.0 = Debug|Any CPU
		{A2E95C4D-CFE9-4DB8-9370-987E9E8B0A5B}.Debug|Any CPU.Deploy.0 = Debug|Any CPU
		{A2E95C4D-CFE9-4DB8-9370-987E9E8B0A5B}.Release|Any CPU.ActiveCfg = Release|Any CPU
		{A2E95C4D-CFE9-4DB8-9370-987E9E8B0A5B}.Release|Any CPU.Build.0 = Release|Any CPU
		{A2E95C4D-CFE9-4DB8-9370-987E9E8B0A5B}.Release|Any CPU.Deploy.0 = Release|Any CPU
		{02203EDD-8A52-41D4-BB44-823CCFF0795F}.Debug|Any CPU.ActiveCfg = Debug|Any CPU
		{02203EDD-8A52-41D4-BB44-823CCFF0795F}.Debug|Any CPU.Build.0 = Debug|Any CPU
		{02203EDD-8A52-41D4-BB44-823CCFF0795F}.Release|Any CPU.ActiveCfg = Release|Any CPU
		{02203EDD-8A52-41D4-BB44-823CCFF0795F}.Release|Any CPU.Build.0 = Release|Any CPU
		{E3A1D2A7-E1E7-4D41-A3D3-E8BCF6002D08}.Debug|Any CPU.ActiveCfg = Debug|Any CPU
		{E3A1D2A7-E1E7-4D41-A3D3-E8BCF6002D08}.Debug|Any CPU.Build.0 = Debug|Any CPU
		{E3A1D2A7-E1E7-4D41-A3D3-E8BCF6002D08}.Release|Any CPU.ActiveCfg = Release|Any CPU
		{E3A1D2A7-E1E7-4D41-A3D3-E8BCF6002D08}.Release|Any CPU.Build.0 = Release|Any CPU
		{21DFF86C-4F1C-4371-A495-483B0517C0DB}.Debug|Any CPU.ActiveCfg = Debug|Any CPU
		{21DFF86C-4F1C-4371-A495-483B0517C0DB}.Debug|Any CPU.Build.0 = Debug|Any CPU
		{21DFF86C-4F1C-4371-A495-483B0517C0DB}.Release|Any CPU.ActiveCfg = Release|Any CPU
		{21DFF86C-4F1C-4371-A495-483B0517C0DB}.Release|Any CPU.Build.0 = Release|Any CPU
		{B87F07E3-0DAA-4DD3-99EC-22D8AE4FE26B}.Debug|Any CPU.ActiveCfg = Debug|Any CPU
		{B87F07E3-0DAA-4DD3-99EC-22D8AE4FE26B}.Debug|Any CPU.Build.0 = Debug|Any CPU
		{B87F07E3-0DAA-4DD3-99EC-22D8AE4FE26B}.Release|Any CPU.ActiveCfg = Release|Any CPU
		{B87F07E3-0DAA-4DD3-99EC-22D8AE4FE26B}.Release|Any CPU.Build.0 = Release|Any CPU
		{F9B5CD9D-AF0E-4100-92F3-CB2E44BED905}.Debug|Any CPU.ActiveCfg = Debug|Any CPU
		{F9B5CD9D-AF0E-4100-92F3-CB2E44BED905}.Debug|Any CPU.Build.0 = Debug|Any CPU
		{F9B5CD9D-AF0E-4100-92F3-CB2E44BED905}.Release|Any CPU.ActiveCfg = Release|Any CPU
		{F9B5CD9D-AF0E-4100-92F3-CB2E44BED905}.Release|Any CPU.Build.0 = Release|Any CPU
	EndGlobalSection
	GlobalSection(SolutionProperties) = preSolution
		HideSolutionNode = FALSE
	EndGlobalSection
	GlobalSection(NestedProjects) = preSolution
		{054D1734-2B12-4BC1-9B42-977388D7F894} = {8C4C3C29-EA2A-4D82-84D7-611512C2E847}
		{3612E894-C72C-4AE3-868B-3F3DAC5300BC} = {8C4C3C29-EA2A-4D82-84D7-611512C2E847}
		{97C8DCAE-7827-427A-B322-6914BDA10D91} = {8C4C3C29-EA2A-4D82-84D7-611512C2E847}
		{00958184-26A8-4F13-966D-8E668DCCCCB7} = {CA81C962-C2B5-4D1A-BCF5-F5F7F6BCAFCA}
		{ED3072C6-1AEE-4AD0-965E-8716E0C6085C} = {CA81C962-C2B5-4D1A-BCF5-F5F7F6BCAFCA}
		{624A2B4F-B483-450E-8E92-EE27A160A62E} = {CA81C962-C2B5-4D1A-BCF5-F5F7F6BCAFCA}
		{A2E95C4D-CFE9-4DB8-9370-987E9E8B0A5B} = {CA81C962-C2B5-4D1A-BCF5-F5F7F6BCAFCA}
		{02203EDD-8A52-41D4-BB44-823CCFF0795F} = {92653EE1-EA2B-46DF-BF83-D572FB2D6FFB}
		{E3A1D2A7-E1E7-4D41-A3D3-E8BCF6002D08} = {92653EE1-EA2B-46DF-BF83-D572FB2D6FFB}
		{21DFF86C-4F1C-4371-A495-483B0517C0DB} = {92653EE1-EA2B-46DF-BF83-D572FB2D6FFB}
		{B87F07E3-0DAA-4DD3-99EC-22D8AE4FE26B} = {92653EE1-EA2B-46DF-BF83-D572FB2D6FFB}
		{F9B5CD9D-AF0E-4100-92F3-CB2E44BED905} = {92653EE1-EA2B-46DF-BF83-D572FB2D6FFB}
	EndGlobalSection
	GlobalSection(ExtensibilityGlobals) = postSolution
		SolutionGuid = {34DD5D46-A35F-4FFF-BED4-1D0057FD7720}
	EndGlobalSection
EndGlobal
